
Microsoft Visual Studio Solution File, Format Version 12.00
# Visual Studio Version 17
VisualStudioVersion = 17.1.32328.378
MinimumVisualStudioVersion = 10.0.40219.1
Project("{9A19103F-16F7-4668-BE54-9A1E7A4F7556}") = "AlexaCS", "AlexaCS\AlexaCS.csproj", "{E67AA17A-F895-49E3-8352-DFCEB1104B52}"
EndProject
Global
	GlobalSection(SolutionConfigurationPlatforms) = preSolution
		Debug|Any CPU = Debug|Any CPU
		Release|Any CPU = Release|Any CPU
	EndGlobalSection
	GlobalSection(ProjectConfigurationPlatforms) = postSolution
		{E67AA17A-F895-49E3-8352-DFCEB1104B52}.Debug|Any CPU.ActiveCfg = Debug|Any CPU
		{E67AA17A-F895-49E3-8352-DFCEB1104B52}.Debug|Any CPU.Build.0 = Debug|Any CPU
		{E67AA17A-F895-49E3-8352-DFCEB1104B52}.Release|Any CPU.ActiveCfg = Release|Any CPU
		{E67AA17A-F895-49E3-8352-DFCEB1104B52}.Release|Any CPU.Build.0 = Release|Any CPU
	EndGlobalSection
	GlobalSection(SolutionProperties) = preSolution
		HideSolutionNode = FALSE
	EndGlobalSection
	GlobalSection(ExtensibilityGlobals) = postSolution
		SolutionGuid = {4E2EB00F-5B4E-46FD-B6FA-1AA154A7BA29}
	EndGlobalSection
EndGlobal
